
Microsoft Visual Studio Solution File, Format Version 12.00
# Visual Studio 15
VisualStudioVersion = 15.0.26730.12
MinimumVisualStudioVersion = 10.0.40219.1
Project("{FAE04EC0-301F-11D3-BF4B-00C04F79EFBC}") = "imagenes.Android", "imagenes\imagenes.Android\imagenes.Android.csproj", "{910B9476-897C-4F10-B78E-1E90D3B55CBB}"
EndProject
Project("{FAE04EC0-301F-11D3-BF4B-00C04F79EFBC}") = "imagenes", "imagenes\imagenes\imagenes.csproj", "{9AAD878B-220C-4889-A06C-999B64CE2BC0}"
EndProject
Project("{FAE04EC0-301F-11D3-BF4B-00C04F79EFBC}") = "imagenes.UWP", "imagenes\imagenes.UWP\imagenes.UWP.csproj", "{85FC5C96-8303-4477-B547-0EE0A6AE112B}"
EndProject
Project("{FAE04EC0-301F-11D3-BF4B-00C04F79EFBC}") = "imagenes.iOS", "imagenes\imagenes.iOS\imagenes.iOS.csproj", "{5E186288-97E8-4950-9825-6C9B26D41BDE}"
EndProject
Global
	GlobalSection(SolutionConfigurationPlatforms) = preSolution
		Ad-Hoc|Any CPU = Ad-Hoc|Any CPU
		Ad-Hoc|ARM = Ad-Hoc|ARM
		Ad-Hoc|iPhone = Ad-Hoc|iPhone
		Ad-Hoc|iPhoneSimulator = Ad-Hoc|iPhoneSimulator
		Ad-Hoc|x64 = Ad-Hoc|x64
		Ad-Hoc|x86 = Ad-Hoc|x86
		AppStore|Any CPU = AppStore|Any CPU
		AppStore|ARM = AppStore|ARM
		AppStore|iPhone = AppStore|iPhone
		AppStore|iPhoneSimulator = AppStore|iPhoneSimulator
		AppStore|x64 = AppStore|x64
		AppStore|x86 = AppStore|x86
		Debug|Any CPU = Debug|Any CPU
		Debug|ARM = Debug|ARM
		Debug|iPhone = Debug|iPhone
		Debug|iPhoneSimulator = Debug|iPhoneSimulator
		Debug|x64 = Debug|x64
		Debug|x86 = Debug|x86
		Release|Any CPU = Release|Any CPU
		Release|ARM = Release|ARM
		Release|iPhone = Release|iPhone
		Release|iPhoneSimulator = Release|iPhoneSimulator
		Release|x64 = Release|x64
		Release|x86 = Release|x86
	EndGlobalSection
	GlobalSection(ProjectConfigurationPlatforms) = postSolution
		{910B9476-897C-4F10-B78E-1E90D3B55CBB}.Ad-Hoc|Any CPU.ActiveCfg = Release|Any CPU
		{910B9476-897C-4F10-B78E-1E90D3B55CBB}.Ad-Hoc|Any CPU.Build.0 = Release|Any CPU
		{910B9476-897C-4F10-B78E-1E90D3B55CBB}.Ad-Hoc|Any CPU.Deploy.0 = Release|Any CPU
		{910B9476-897C-4F10-B78E-1E90D3B55CBB}.Ad-Hoc|ARM.ActiveCfg = Release|Any CPU
		{910B9476-897C-4F10-B78E-1E90D3B55CBB}.Ad-Hoc|ARM.Build.0 = Release|Any CPU
		{910B9476-897C-4F10-B78E-1E90D3B55CBB}.Ad-Hoc|ARM.Deploy.0 = Release|Any CPU
		{910B9476-897C-4F10-B78E-1E90D3B55CBB}.Ad-Hoc|iPhone.ActiveCfg = Release|Any CPU
		{910B9476-897C-4F10-B78E-1E90D3B55CBB}.Ad-Hoc|iPhone.Build.0 = Release|Any CPU
		{910B9476-897C-4F10-B78E-1E90D3B55CBB}.Ad-Hoc|iPhone.Deploy.0 = Release|Any CPU
		{910B9476-897C-4F10-B78E-1E90D3B55CBB}.Ad-Hoc|iPhoneSimulator.ActiveCfg = Release|Any CPU
		{910B9476-897C-4F10-B78E-1E90D3B55CBB}.Ad-Hoc|iPhoneSimulator.Build.0 = Release|Any CPU
		{910B9476-897C-4F10-B78E-1E90D3B55CBB}.Ad-Hoc|iPhoneSimulator.Deploy.0 = Release|Any CPU
		{910B9476-897C-4F10-B78E-1E90D3B55CBB}.Ad-Hoc|x64.ActiveCfg = Release|Any CPU
		{910B9476-897C-4F10-B78E-1E90D3B55CBB}.Ad-Hoc|x64.Build.0 = Release|Any CPU
		{910B9476-897C-4F10-B78E-1E90D3B55CBB}.Ad-Hoc|x64.Deploy.0 = Release|Any CPU
		{910B9476-897C-4F10-B78E-1E90D3B55CBB}.Ad-Hoc|x86.ActiveCfg = Release|Any CPU
		{910B9476-897C-4F10-B78E-1E90D3B55CBB}.Ad-Hoc|x86.Build.0 = Release|Any CPU
		{910B9476-897C-4F10-B78E-1E90D3B55CBB}.Ad-Hoc|x86.Deploy.0 = Release|Any CPU
		{910B9476-897C-4F10-B78E-1E90D3B55CBB}.AppStore|Any CPU.ActiveCfg = Release|Any CPU
		{910B9476-897C-4F10-B78E-1E90D3B55CBB}.AppStore|Any CPU.Build.0 = Release|Any CPU
		{910B9476-897C-4F10-B78E-1E90D3B55CBB}.AppStore|Any CPU.Deploy.0 = Release|Any CPU
		{910B9476-897C-4F10-B78E-1E90D3B55CBB}.AppStore|ARM.ActiveCfg = Release|Any CPU
		{910B9476-897C-4F10-B78E-1E90D3B55CBB}.AppStore|ARM.Build.0 = Release|Any CPU
		{910B9476-897C-4F10-B78E-1E90D3B55CBB}.AppStore|ARM.Deploy.0 = Release|Any CPU
		{910B9476-897C-4F10-B78E-1E90D3B55CBB}.AppStore|iPhone.ActiveCfg = Release|Any CPU
		{910B9476-897C-4F10-B78E-1E90D3B55CBB}.AppStore|iPhone.Build.0 = Release|Any CPU
		{910B9476-897C-4F10-B78E-1E90D3B55CBB}.AppStore|iPhone.Deploy.0 = Release|Any CPU
		{910B9476-897C-4F10-B78E-1E90D3B55CBB}.AppStore|iPhoneSimulator.ActiveCfg = Release|Any CPU
		{910B9476-897C-4F10-B78E-1E90D3B55CBB}.AppStore|iPhoneSimulator.Build.0 = Release|Any CPU
		{910B9476-897C-4F10-B78E-1E90D3B55CBB}.AppStore|iPhoneSimulator.Deploy.0 = Release|Any CPU
		{910B9476-897C-4F10-B78E-1E90D3B55CBB}.AppStore|x64.ActiveCfg = Release|Any CPU
		{910B9476-897C-4F10-B78E-1E90D3B55CBB}.AppStore|x64.Build.0 = Release|Any CPU
		{910B9476-897C-4F10-B78E-1E90D3B55CBB}.AppStore|x64.Deploy.0 = Release|Any CPU
		{910B9476-897C-4F10-B78E-1E90D3B55CBB}.AppStore|x86.ActiveCfg = Release|Any CPU
		{910B9476-897C-4F10-B78E-1E90D3B55CBB}.AppStore|x86.Build.0 = Release|Any CPU
		{910B9476-897C-4F10-B78E-1E90D3B55CBB}.AppStore|x86.Deploy.0 = Release|Any CPU
		{910B9476-897C-4F10-B78E-1E90D3B55CBB}.Debug|Any CPU.ActiveCfg = Debug|Any CPU
		{910B9476-897C-4F10-B78E-1E90D3B55CBB}.Debug|Any CPU.Build.0 = Debug|Any CPU
		{910B9476-897C-4F10-B78E-1E90D3B55CBB}.Debug|Any CPU.Deploy.0 = Debug|Any CPU
		{910B9476-897C-4F10-B78E-1E90D3B55CBB}.Debug|ARM.ActiveCfg = Debug|Any CPU
		{910B9476-897C-4F10-B78E-1E90D3B55CBB}.Debug|ARM.Build.0 = Debug|Any CPU
		{910B9476-897C-4F10-B78E-1E90D3B55CBB}.Debug|ARM.Deploy.0 = Debug|Any CPU
		{910B9476-897C-4F10-B78E-1E90D3B55CBB}.Debug|iPhone.ActiveCfg = Debug|Any CPU
		{910B9476-897C-4F10-B78E-1E90D3B55CBB}.Debug|iPhone.Build.0 = Debug|Any CPU
		{910B9476-897C-4F10-B78E-1E90D3B55CBB}.Debug|iPhone.Deploy.0 = Debug|Any CPU
		{910B9476-897C-4F10-B78E-1E90D3B55CBB}.Debug|iPhoneSimulator.ActiveCfg = Debug|Any CPU
		{910B9476-897C-4F10-B78E-1E90D3B55CBB}.Debug|iPhoneSimulator.Build.0 = Debug|Any CPU
		{910B9476-897C-4F10-B78E-1E90D3B55CBB}.Debug|iPhoneSimulator.Deploy.0 = Debug|Any CPU
		{910B9476-897C-4F10-B78E-1E90D3B55CBB}.Debug|x64.ActiveCfg = Debug|Any CPU
		{910B9476-897C-4F10-B78E-1E90D3B55CBB}.Debug|x64.Build.0 = Debug|Any CPU
		{910B9476-897C-4F10-B78E-1E90D3B55CBB}.Debug|x64.Deploy.0 = Debug|Any CPU
		{910B9476-897C-4F10-B78E-1E90D3B55CBB}.Debug|x86.ActiveCfg = Debug|Any CPU
		{910B9476-897C-4F10-B78E-1E90D3B55CBB}.Debug|x86.Build.0 = Debug|Any CPU
		{910B9476-897C-4F10-B78E-1E90D3B55CBB}.Debug|x86.Deploy.0 = Debug|Any CPU
		{910B9476-897C-4F10-B78E-1E90D3B55CBB}.Release|Any CPU.ActiveCfg = Release|Any CPU
		{910B9476-897C-4F10-B78E-1E90D3B55CBB}.Release|Any CPU.Build.0 = Release|Any CPU
		{910B9476-897C-4F10-B78E-1E90D3B55CBB}.Release|Any CPU.Deploy.0 = Release|Any CPU
		{910B9476-897C-4F10-B78E-1E90D3B55CBB}.Release|ARM.ActiveCfg = Release|Any CPU
		{910B9476-897C-4F10-B78E-1E90D3B55CBB}.Release|ARM.Build.0 = Release|Any CPU
		{910B9476-897C-4F10-B78E-1E90D3B55CBB}.Release|ARM.Deploy.0 = Release|Any CPU
		{910B9476-897C-4F10-B78E-1E90D3B55CBB}.Release|iPhone.ActiveCfg = Release|Any CPU
		{910B9476-897C-4F10-B78E-1E90D3B55CBB}.Release|iPhone.Build.0 = Release|Any CPU
		{910B9476-897C-4F10-B78E-1E90D3B55CBB}.Release|iPhone.Deploy.0 = Release|Any CPU
		{910B9476-897C-4F10-B78E-1E90D3B55CBB}.Release|iPhoneSimulator.ActiveCfg = Release|Any CPU
		{910B9476-897C-4F10-B78E-1E90D3B55CBB}.Release|iPhoneSimulator.Build.0 = Release|Any CPU
		{910B9476-897C-4F10-B78E-1E90D3B55CBB}.Release|iPhoneSimulator.Deploy.0 = Release|Any CPU
		{910B9476-897C-4F10-B78E-1E90D3B55CBB}.Release|x64.ActiveCfg = Release|Any CPU
		{910B9476-897C-4F10-B78E-1E90D3B55CBB}.Release|x64.Build.0 = Release|Any CPU
		{910B9476-897C-4F10-B78E-1E90D3B55CBB}.Release|x64.Deploy.0 = Release|Any CPU
		{910B9476-897C-4F10-B78E-1E90D3B55CBB}.Release|x86.ActiveCfg = Release|Any CPU
		{910B9476-897C-4F10-B78E-1E90D3B55CBB}.Release|x86.Build.0 = Release|Any CPU
		{910B9476-897C-4F10-B78E-1E90D3B55CBB}.Release|x86.Deploy.0 = Release|Any CPU
		{9AAD878B-220C-4889-A06C-999B64CE2BC0}.Ad-Hoc|Any CPU.ActiveCfg = Release|Any CPU
		{9AAD878B-220C-4889-A06C-999B64CE2BC0}.Ad-Hoc|Any CPU.Build.0 = Release|Any CPU
		{9AAD878B-220C-4889-A06C-999B64CE2BC0}.Ad-Hoc|ARM.ActiveCfg = Release|Any CPU
		{9AAD878B-220C-4889-A06C-999B64CE2BC0}.Ad-Hoc|ARM.Build.0 = Release|Any CPU
		{9AAD878B-220C-4889-A06C-999B64CE2BC0}.Ad-Hoc|iPhone.ActiveCfg = Release|Any CPU
		{9AAD878B-220C-4889-A06C-999B64CE2BC0}.Ad-Hoc|iPhone.Build.0 = Release|Any CPU
		{9AAD878B-220C-4889-A06C-999B64CE2BC0}.Ad-Hoc|iPhoneSimulator.ActiveCfg = Release|Any CPU
		{9AAD878B-220C-4889-A06C-999B64CE2BC0}.Ad-Hoc|iPhoneSimulator.Build.0 = Release|Any CPU
		{9AAD878B-220C-4889-A06C-999B64CE2BC0}.Ad-Hoc|x64.ActiveCfg = Release|Any CPU
		{9AAD878B-220C-4889-A06C-999B64CE2BC0}.Ad-Hoc|x64.Build.0 = Release|Any CPU
		{9AAD878B-220C-4889-A06C-999B64CE2BC0}.Ad-Hoc|x86.ActiveCfg = Release|Any CPU
		{9AAD878B-220C-4889-A06C-999B64CE2BC0}.Ad-Hoc|x86.Build.0 = Release|Any CPU
		{9AAD878B-220C-4889-A06C-999B64CE2BC0}.AppStore|Any CPU.ActiveCfg = Release|Any CPU
		{9AAD878B-220C-4889-A06C-999B64CE2BC0}.AppStore|Any CPU.Build.0 = Release|Any CPU
		{9AAD878B-220C-4889-A06C-999B64CE2BC0}.AppStore|ARM.ActiveCfg = Release|Any CPU
		{9AAD878B-220C-4889-A06C-999B64CE2BC0}.AppStore|ARM.Build.0 = Release|Any CPU
		{9AAD878B-220C-4889-A06C-999B64CE2BC0}.AppStore|iPhone.ActiveCfg = Release|Any CPU
		{9AAD878B-220C-4889-A06C-999B64CE2BC0}.AppStore|iPhone.Build.0 = Release|Any CPU
		{9AAD878B-220C-4889-A06C-999B64CE2BC0}.AppStore|iPhoneSimulator.ActiveCfg = Release|Any CPU
		{9AAD878B-220C-4889-A06C-999B64CE2BC0}.AppStore|iPhoneSimulator.Build.0 = Release|Any CPU
		{9AAD878B-220C-4889-A06C-999B64CE2BC0}.AppStore|x64.ActiveCfg = Release|Any CPU
		{9AAD878B-220C-4889-A06C-999B64CE2BC0}.AppStore|x64.Build.0 = Release|Any CPU
		{9AAD878B-220C-4889-A06C-999B64CE2BC0}.AppStore|x86.ActiveCfg = Release|Any CPU
		{9AAD878B-220C-4889-A06C-999B64CE2BC0}.AppStore|x86.Build.0 = Release|Any CPU
		{9AAD878B-220C-4889-A06C-999B64CE2BC0}.Debug|Any CPU.ActiveCfg = Debug|Any CPU
		{9AAD878B-220C-4889-A06C-999B64CE2BC0}.Debug|Any CPU.Build.0 = Debug|Any CPU
		{9AAD878B-220C-4889-A06C-999B64CE2BC0}.Debug|ARM.ActiveCfg = Debug|Any CPU
		{9AAD878B-220C-4889-A06C-999B64CE2BC0}.Debug|ARM.Build.0 = Debug|Any CPU
		{9AAD878B-220C-4889-A06C-999B64CE2BC0}.Debug|iPhone.ActiveCfg = Debug|Any CPU
		{9AAD878B-220C-4889-A06C-999B64CE2BC0}.Debug|iPhone.Build.0 = Debug|Any CPU
		{9AAD878B-220C-4889-A06C-999B64CE2BC0}.Debug|iPhoneSimulator.ActiveCfg = Debug|Any CPU
		{9AAD878B-220C-4889-A06C-999B64CE2BC0}.Debug|iPhoneSimulator.Build.0 = Debug|Any CPU
		{9AAD878B-220C-4889-A06C-999B64CE2BC0}.Debug|x64.ActiveCfg = Debug|Any CPU
		{9AAD878B-220C-4889-A06C-999B64CE2BC0}.Debug|x64.Build.0 = Debug|Any CPU
		{9AAD878B-220C-4889-A06C-999B64CE2BC0}.Debug|x86.ActiveCfg = Debug|Any CPU
		{9AAD878B-220C-4889-A06C-999B64CE2BC0}.Debug|x86.Build.0 = Debug|Any CPU
		{9AAD878B-220C-4889-A06C-999B64CE2BC0}.Release|Any CPU.ActiveCfg = Release|Any CPU
		{9AAD878B-220C-4889-A06C-999B64CE2BC0}.Release|Any CPU.Build.0 = Release|Any CPU
		{9AAD878B-220C-4889-A06C-999B64CE2BC0}.Release|ARM.ActiveCfg = Release|Any CPU
		{9AAD878B-220C-4889-A06C-999B64CE2BC0}.Release|ARM.Build.0 = Release|Any CPU
		{9AAD878B-220C-4889-A06C-999B64CE2BC0}.Release|iPhone.ActiveCfg = Release|Any CPU
		{9AAD878B-220C-4889-A06C-999B64CE2BC0}.Release|iPhone.Build.0 = Release|Any CPU
		{9AAD878B-220C-4889-A06C-999B64CE2BC0}.Release|iPhoneSimulator.ActiveCfg = Release|Any CPU
		{9AAD878B-220C-4889-A06C-999B64CE2BC0}.Release|iPhoneSimulator.Build.0 = Release|Any CPU
		{9AAD878B-220C-4889-A06C-999B64CE2BC0}.Release|x64.ActiveCfg = Release|Any CPU
		{9AAD878B-220C-4889-A06C-999B64CE2BC0}.Release|x64.Build.0 = Release|Any CPU
		{9AAD878B-220C-4889-A06C-999B64CE2BC0}.Release|x86.ActiveCfg = Release|Any CPU
		{9AAD878B-220C-4889-A06C-999B64CE2BC0}.Release|x86.Build.0 = Release|Any CPU
		{85FC5C96-8303-4477-B547-0EE0A6AE112B}.Ad-Hoc|Any CPU.ActiveCfg = Release|x86
		{85FC5C96-8303-4477-B547-0EE0A6AE112B}.Ad-Hoc|Any CPU.Build.0 = Release|x86
		{85FC5C96-8303-4477-B547-0EE0A6AE112B}.Ad-Hoc|Any CPU.Deploy.0 = Release|x86
		{85FC5C96-8303-4477-B547-0EE0A6AE112B}.Ad-Hoc|ARM.ActiveCfg = Release|ARM
		{85FC5C96-8303-4477-B547-0EE0A6AE112B}.Ad-Hoc|ARM.Build.0 = Release|ARM
		{85FC5C96-8303-4477-B547-0EE0A6AE112B}.Ad-Hoc|ARM.Deploy.0 = Release|ARM
		{85FC5C96-8303-4477-B547-0EE0A6AE112B}.Ad-Hoc|iPhone.ActiveCfg = Release|x86
		{85FC5C96-8303-4477-B547-0EE0A6AE112B}.Ad-Hoc|iPhone.Build.0 = Release|x86
		{85FC5C96-8303-4477-B547-0EE0A6AE112B}.Ad-Hoc|iPhone.Deploy.0 = Release|x86
		{85FC5C96-8303-4477-B547-0EE0A6AE112B}.Ad-Hoc|iPhoneSimulator.ActiveCfg = Release|x86
		{85FC5C96-8303-4477-B547-0EE0A6AE112B}.Ad-Hoc|iPhoneSimulator.Build.0 = Release|x86
		{85FC5C96-8303-4477-B547-0EE0A6AE112B}.Ad-Hoc|iPhoneSimulator.Deploy.0 = Release|x86
		{85FC5C96-8303-4477-B547-0EE0A6AE112B}.Ad-Hoc|x64.ActiveCfg = Release|x64
		{85FC5C96-8303-4477-B547-0EE0A6AE112B}.Ad-Hoc|x64.Build.0 = Release|x64
		{85FC5C96-8303-4477-B547-0EE0A6AE112B}.Ad-Hoc|x64.Deploy.0 = Release|x64
		{85FC5C96-8303-4477-B547-0EE0A6AE112B}.Ad-Hoc|x86.ActiveCfg = Release|x86
		{85FC5C96-8303-4477-B547-0EE0A6AE112B}.Ad-Hoc|x86.Build.0 = Release|x86
		{85FC5C96-8303-4477-B547-0EE0A6AE112B}.Ad-Hoc|x86.Deploy.0 = Release|x86
		{85FC5C96-8303-4477-B547-0EE0A6AE112B}.AppStore|Any CPU.ActiveCfg = Release|x86
		{85FC5C96-8303-4477-B547-0EE0A6AE112B}.AppStore|Any CPU.Build.0 = Release|x86
		{85FC5C96-8303-4477-B547-0EE0A6AE112B}.AppStore|Any CPU.Deploy.0 = Release|x86
		{85FC5C96-8303-4477-B547-0EE0A6AE112B}.AppStore|ARM.ActiveCfg = Release|ARM
		{85FC5C96-8303-4477-B547-0EE0A6AE112B}.AppStore|ARM.Build.0 = Release|ARM
		{85FC5C96-8303-4477-B547-0EE0A6AE112B}.AppStore|ARM.Deploy.0 = Release|ARM
		{85FC5C96-8303-4477-B547-0EE0A6AE112B}.AppStore|iPhone.ActiveCfg = Release|x86
		{85FC5C96-8303-4477-B547-0EE0A6AE112B}.AppStore|iPhone.Build.0 = Release|x86
		{85FC5C96-8303-4477-B547-0EE0A6AE112B}.AppStore|iPhone.Deploy.0 = Release|x86
		{85FC5C96-8303-4477-B547-0EE0A6AE112B}.AppStore|iPhoneSimulator.ActiveCfg = Release|x86
		{85FC5C96-8303-4477-B547-0EE0A6AE112B}.AppStore|iPhoneSimulator.Build.0 = Release|x86
		{85FC5C96-8303-4477-B547-0EE0A6AE112B}.AppStore|iPhoneSimulator.Deploy.0 = Release|x86
		{85FC5C96-8303-4477-B547-0EE0A6AE112B}.AppStore|x64.ActiveCfg = Release|x64
		{85FC5C96-8303-4477-B547-0EE0A6AE112B}.AppStore|x64.Build.0 = Release|x64
		{85FC5C96-8303-4477-B547-0EE0A6AE112B}.AppStore|x64.Deploy.0 = Release|x64
		{85FC5C96-8303-4477-B547-0EE0A6AE112B}.AppStore|x86.ActiveCfg = Release|x86
		{85FC5C96-8303-4477-B547-0EE0A6AE112B}.AppStore|x86.Build.0 = Release|x86
		{85FC5C96-8303-4477-B547-0EE0A6AE112B}.AppStore|x86.Deploy.0 = Release|x86
		{85FC5C96-8303-4477-B547-0EE0A6AE112B}.Debug|Any CPU.ActiveCfg = Debug|x86
		{85FC5C96-8303-4477-B547-0EE0A6AE112B}.Debug|ARM.ActiveCfg = Debug|ARM
		{85FC5C96-8303-4477-B547-0EE0A6AE112B}.Debug|ARM.Build.0 = Debug|ARM
		{85FC5C96-8303-4477-B547-0EE0A6AE112B}.Debug|ARM.Deploy.0 = Debug|ARM
		{85FC5C96-8303-4477-B547-0EE0A6AE112B}.Debug|iPhone.ActiveCfg = Debug|x86
		{85FC5C96-8303-4477-B547-0EE0A6AE112B}.Debug|iPhoneSimulator.ActiveCfg = Debug|x86
		{85FC5C96-8303-4477-B547-0EE0A6AE112B}.Debug|x64.ActiveCfg = Debug|x64
		{85FC5C96-8303-4477-B547-0EE0A6AE112B}.Debug|x64.Build.0 = Debug|x64
		{85FC5C96-8303-4477-B547-0EE0A6AE112B}.Debug|x64.Deploy.0 = Debug|x64
		{85FC5C96-8303-4477-B547-0EE0A6AE112B}.Debug|x86.ActiveCfg = Debug|x86
		{85FC5C96-8303-4477-B547-0EE0A6AE112B}.Debug|x86.Build.0 = Debug|x86
		{85FC5C96-8303-4477-B547-0EE0A6AE112B}.Debug|x86.Deploy.0 = Debug|x86
		{85FC5C96-8303-4477-B547-0EE0A6AE112B}.Release|Any CPU.ActiveCfg = Release|x86
		{85FC5C96-8303-4477-B547-0EE0A6AE112B}.Release|ARM.ActiveCfg = Release|ARM
		{85FC5C96-8303-4477-B547-0EE0A6AE112B}.Release|ARM.Build.0 = Release|ARM
		{85FC5C96-8303-4477-B547-0EE0A6AE112B}.Release|ARM.Deploy.0 = Release|ARM
		{85FC5C96-8303-4477-B547-0EE0A6AE112B}.Release|iPhone.ActiveCfg = Release|x86
		{85FC5C96-8303-4477-B547-0EE0A6AE112B}.Release|iPhoneSimulator.ActiveCfg = Release|x86
		{85FC5C96-8303-4477-B547-0EE0A6AE112B}.Release|x64.ActiveCfg = Release|x64
		{85FC5C96-8303-4477-B547-0EE0A6AE112B}.Release|x64.Build.0 = Release|x64
		{85FC5C96-8303-4477-B547-0EE0A6AE112B}.Release|x64.Deploy.0 = Release|x64
		{85FC5C96-8303-4477-B547-0EE0A6AE112B}.Release|x86.ActiveCfg = Release|x86
		{85FC5C96-8303-4477-B547-0EE0A6AE112B}.Release|x86.Build.0 = Release|x86
		{85FC5C96-8303-4477-B547-0EE0A6AE112B}.Release|x86.Deploy.0 = Release|x86
		{5E186288-97E8-4950-9825-6C9B26D41BDE}.Ad-Hoc|Any CPU.ActiveCfg = Ad-Hoc|iPhone
		{5E186288-97E8-4950-9825-6C9B26D41BDE}.Ad-Hoc|ARM.ActiveCfg = Ad-Hoc|iPhone
		{5E186288-97E8-4950-9825-6C9B26D41BDE}.Ad-Hoc|iPhone.ActiveCfg = Ad-Hoc|iPhone
		{5E186288-97E8-4950-9825-6C9B26D41BDE}.Ad-Hoc|iPhone.Build.0 = Ad-Hoc|iPhone
		{5E186288-97E8-4950-9825-6C9B26D41BDE}.Ad-Hoc|iPhoneSimulator.ActiveCfg = Ad-Hoc|iPhoneSimulator
		{5E186288-97E8-4950-9825-6C9B26D41BDE}.Ad-Hoc|iPhoneSimulator.Build.0 = Ad-Hoc|iPhoneSimulator
		{5E186288-97E8-4950-9825-6C9B26D41BDE}.Ad-Hoc|x64.ActiveCfg = Ad-Hoc|iPhone
		{5E186288-97E8-4950-9825-6C9B26D41BDE}.Ad-Hoc|x86.ActiveCfg = Ad-Hoc|iPhone
		{5E186288-97E8-4950-9825-6C9B26D41BDE}.AppStore|Any CPU.ActiveCfg = AppStore|iPhone
		{5E186288-97E8-4950-9825-6C9B26D41BDE}.AppStore|ARM.ActiveCfg = AppStore|iPhone
		{5E186288-97E8-4950-9825-6C9B26D41BDE}.AppStore|iPhone.ActiveCfg = AppStore|iPhone
		{5E186288-97E8-4950-9825-6C9B26D41BDE}.AppStore|iPhone.Build.0 = AppStore|iPhone
		{5E186288-97E8-4950-9825-6C9B26D41BDE}.AppStore|iPhoneSimulator.ActiveCfg = AppStore|iPhoneSimulator
		{5E186288-97E8-4950-9825-6C9B26D41BDE}.AppStore|iPhoneSimulator.Build.0 = AppStore|iPhoneSimulator
		{5E186288-97E8-4950-9825-6C9B26D41BDE}.AppStore|x64.ActiveCfg = AppStore|iPhone
		{5E186288-97E8-4950-9825-6C9B26D41BDE}.AppStore|x86.ActiveCfg = AppStore|iPhone
		{5E186288-97E8-4950-9825-6C9B26D41BDE}.Debug|Any CPU.ActiveCfg = Debug|iPhone
		{5E186288-97E8-4950-9825-6C9B26D41BDE}.Debug|ARM.ActiveCfg = Debug|iPhone
		{5E186288-97E8-4950-9825-6C9B26D41BDE}.Debug|iPhone.ActiveCfg = Debug|iPhone
		{5E186288-97E8-4950-9825-6C9B26D41BDE}.Debug|iPhone.Build.0 = Debug|iPhone
		{5E186288-97E8-4950-9825-6C9B26D41BDE}.Debug|iPhoneSimulator.ActiveCfg = Debug|iPhoneSimulator
		{5E186288-97E8-4950-9825-6C9B26D41BDE}.Debug|iPhoneSimulator.Build.0 = Debug|iPhoneSimulator
		{5E186288-97E8-4950-9825-6C9B26D41BDE}.Debug|x64.ActiveCfg = Debug|iPhone
		{5E186288-97E8-4950-9825-6C9B26D41BDE}.Debug|x86.ActiveCfg = Debug|iPhone
		{5E186288-97E8-4950-9825-6C9B26D41BDE}.Release|Any CPU.ActiveCfg = Release|iPhone
		{5E186288-97E8-4950-9825-6C9B26D41BDE}.Release|ARM.ActiveCfg = Release|iPhone
		{5E186288-97E8-4950-9825-6C9B26D41BDE}.Release|iPhone.ActiveCfg = Release|iPhone
		{5E186288-97E8-4950-9825-6C9B26D41BDE}.Release|iPhone.Build.0 = Release|iPhone
		{5E186288-97E8-4950-9825-6C9B26D41BDE}.Release|iPhoneSimulator.ActiveCfg = Release|iPhoneSimulator
		{5E186288-97E8-4950-9825-6C9B26D41BDE}.Release|iPhoneSimulator.Build.0 = Release|iPhoneSimulator
		{5E186288-97E8-4950-9825-6C9B26D41BDE}.Release|x64.ActiveCfg = Release|iPhone
		{5E186288-97E8-4950-9825-6C9B26D41BDE}.Release|x86.ActiveCfg = Release|iPhone
	EndGlobalSection
	GlobalSection(SolutionProperties) = preSolution
		HideSolutionNode = FALSE
	EndGlobalSection
	GlobalSection(ExtensibilityGlobals) = postSolution
		SolutionGuid = {CF6B66C3-7E63-4CCB-B75A-2A4D2F8DB93F}
	EndGlobalSection
EndGlobal
